
Microsoft Visual Studio Solution File, Format Version 12.00
# Visual Studio 15
VisualStudioVersion = 15.0.28010.2048
MinimumVisualStudioVersion = 10.0.40219.1
Project("{FAE04EC0-301F-11D3-BF4B-00C04F79EFBC}") = "ffhs_nmt2_translator_ui", "ffhs_nmt2_translator_ui\ffhs_nmt2_translator_ui.csproj", "{5FE532F4-84C5-49C7-BEC5-215C275CFD5D}"
EndProject
Global
	GlobalSection(SolutionConfigurationPlatforms) = preSolution
		Debug|Any CPU = Debug|Any CPU
		Release|Any CPU = Release|Any CPU
	EndGlobalSection
	GlobalSection(ProjectConfigurationPlatforms) = postSolution
		{5FE532F4-84C5-49C7-BEC5-215C275CFD5D}.Debug|Any CPU.ActiveCfg = Debug|Any CPU
		{5FE532F4-84C5-49C7-BEC5-215C275CFD5D}.Debug|Any CPU.Build.0 = Debug|Any CPU
		{5FE532F4-84C5-49C7-BEC5-215C275CFD5D}.Release|Any CPU.ActiveCfg = Release|Any CPU
		{5FE532F4-84C5-49C7-BEC5-215C275CFD5D}.Release|Any CPU.Build.0 = Release|Any CPU
	EndGlobalSection
	GlobalSection(SolutionProperties) = preSolution
		HideSolutionNode = FALSE
	EndGlobalSection
	GlobalSection(ExtensibilityGlobals) = postSolution
		SolutionGuid = {3A6C7FA2-2FA6-48EB-A9D3-B28F75E0F65C}
	EndGlobalSection
EndGlobal
